
Microsoft Visual Studio Solution File, Format Version 12.00
# Visual Studio Version 17
VisualStudioVersion = 17.5.2.0
MinimumVisualStudioVersion = 10.0.40219.1
Project("{FAE04EC0-301F-11D3-BF4B-00C04F79EFBC}") = "pokemon_project", "pokemon_project\pokemon_project.csproj", "{E4F853B5-715D-8C6E-7A54-8F832C0ECD03}"
EndProject
Project("{FAE04EC0-301F-11D3-BF4B-00C04F79EFBC}") = "Pokemon.Tests", "pokemon.tests\Pokemon.Tests.csproj", "{546B6324-F2B5-4ED4-A20E-8DB474FE155A}"
EndProject
Global
	GlobalSection(SolutionConfigurationPlatforms) = preSolution
		Debug|Any CPU = Debug|Any CPU
		Debug|x64 = Debug|x64
		Debug|x86 = Debug|x86
		Release|Any CPU = Release|Any CPU
		Release|x64 = Release|x64
		Release|x86 = Release|x86
	EndGlobalSection
	GlobalSection(ProjectConfigurationPlatforms) = postSolution
		{E4F853B5-715D-8C6E-7A54-8F832C0ECD03}.Debug|Any CPU.ActiveCfg = Debug|Any CPU
		{E4F853B5-715D-8C6E-7A54-8F832C0ECD03}.Debug|Any CPU.Build.0 = Debug|Any CPU
		{E4F853B5-715D-8C6E-7A54-8F832C0ECD03}.Debug|x64.ActiveCfg = Debug|Any CPU
		{E4F853B5-715D-8C6E-7A54-8F832C0ECD03}.Debug|x64.Build.0 = Debug|Any CPU
		{E4F853B5-715D-8C6E-7A54-8F832C0ECD03}.Debug|x86.ActiveCfg = Debug|Any CPU
		{E4F853B5-715D-8C6E-7A54-8F832C0ECD03}.Debug|x86.Build.0 = Debug|Any CPU
		{E4F853B5-715D-8C6E-7A54-8F832C0ECD03}.Release|Any CPU.ActiveCfg = Release|Any CPU
		{E4F853B5-715D-8C6E-7A54-8F832C0ECD03}.Release|Any CPU.Build.0 = Release|Any CPU
		{E4F853B5-715D-8C6E-7A54-8F832C0ECD03}.Release|x64.ActiveCfg = Release|Any CPU
		{E4F853B5-715D-8C6E-7A54-8F832C0ECD03}.Release|x64.Build.0 = Release|Any CPU
		{E4F853B5-715D-8C6E-7A54-8F832C0ECD03}.Release|x86.ActiveCfg = Release|Any CPU
		{E4F853B5-715D-8C6E-7A54-8F832C0ECD03}.Release|x86.Build.0 = Release|Any CPU
		{546B6324-F2B5-4ED4-A20E-8DB474FE155A}.Debug|Any CPU.ActiveCfg = Debug|Any CPU
		{546B6324-F2B5-4ED4-A20E-8DB474FE155A}.Debug|Any CPU.Build.0 = Debug|Any CPU
		{546B6324-F2B5-4ED4-A20E-8DB474FE155A}.Debug|x64.ActiveCfg = Debug|Any CPU
		{546B6324-F2B5-4ED4-A20E-8DB474FE155A}.Debug|x64.Build.0 = Debug|Any CPU
		{546B6324-F2B5-4ED4-A20E-8DB474FE155A}.Debug|x86.ActiveCfg = Debug|Any CPU
		{546B6324-F2B5-4ED4-A20E-8DB474FE155A}.Debug|x86.Build.0 = Debug|Any CPU
		{546B6324-F2B5-4ED4-A20E-8DB474FE155A}.Release|Any CPU.ActiveCfg = Release|Any CPU
		{546B6324-F2B5-4ED4-A20E-8DB474FE155A}.Release|Any CPU.Build.0 = Release|Any CPU
		{546B6324-F2B5-4ED4-A20E-8DB474FE155A}.Release|x64.ActiveCfg = Release|Any CPU
		{546B6324-F2B5-4ED4-A20E-8DB474FE155A}.Release|x64.Build.0 = Release|Any CPU
		{546B6324-F2B5-4ED4-A20E-8DB474FE155A}.Release|x86.ActiveCfg = Release|Any CPU
		{546B6324-F2B5-4ED4-A20E-8DB474FE155A}.Release|x86.Build.0 = Release|Any CPU
	EndGlobalSection
	GlobalSection(SolutionProperties) = preSolution
		HideSolutionNode = FALSE
	EndGlobalSection
	GlobalSection(ExtensibilityGlobals) = postSolution
		SolutionGuid = {367A3358-D14D-4FDE-AC5D-2C6B6FE1A632}
	EndGlobalSection
EndGlobal
